
Microsoft Visual Studio Solution File, Format Version 12.00
# Visual Studio Version 17
VisualStudioVersion = 17.9.34723.18
MinimumVisualStudioVersion = 10.0.40219.1
Project("{FAE04EC0-301F-11D3-BF4B-00C04F79EFBC}") = "MartenDbVerify", "MartenDbVerify\MartenDbVerify.csproj", "{12E2A6FA-FEEE-4556-8091-CFFB738AD6CB}"
EndProject
Global
	GlobalSection(SolutionConfigurationPlatforms) = preSolution
		Debug|Any CPU = Debug|Any CPU
		Release|Any CPU = Release|Any CPU
	EndGlobalSection
	GlobalSection(ProjectConfigurationPlatforms) = postSolution
		{12E2A6FA-FEEE-4556-8091-CFFB738AD6CB}.Debug|Any CPU.ActiveCfg = Debug|Any CPU
		{12E2A6FA-FEEE-4556-8091-CFFB738AD6CB}.Debug|Any CPU.Build.0 = Debug|Any CPU
		{12E2A6FA-FEEE-4556-8091-CFFB738AD6CB}.Release|Any CPU.ActiveCfg = Release|Any CPU
		{12E2A6FA-FEEE-4556-8091-CFFB738AD6CB}.Release|Any CPU.Build.0 = Release|Any CPU
	EndGlobalSection
	GlobalSection(SolutionProperties) = preSolution
		HideSolutionNode = FALSE
	EndGlobalSection
	GlobalSection(ExtensibilityGlobals) = postSolution
		SolutionGuid = {0F621F0C-3449-4D98-9068-5B7936BF5039}
	EndGlobalSection
EndGlobal
